{
  "name": "isitnotfriday",
  "version": "1.0.0",
  "lockfileVersion": 2,
  "requires": true,
  "packages": {
    "": {
      "name": "isitnotfriday",
      "version": "1.0.0",
      "license": "MIT",
      "dependencies": {
        "isitfriday": "2.0.0"
      },
      "devDependencies": {
        "typescript": "4.9.5"
      }
    },
    "node_modules/colors": {
      "version": "1.4.0",
      "license": "MIT",
      "engines": {
        "node": ">=0.1.90"
      }
    },
    "node_modules/isitfriday": {
      "version": "2.0.0",
      "license": "MIT",
      "dependencies": {
        "colors": "1.4.0"
      },
      "bin": {
        "isitfriday": "bin/isitfriday"
      }
    },
    "node_modules/typescript": {
      "version": "4.9.5",
      "dev": true,
      "license": "Apache-2.0",
      "bin": {
        "tsc": "bin/tsc",
        "tsserver": "bin/tsserver"
      },
      "engines": {
        "node": ">=4.2.0"
      }
    }
  },
  "dependencies": {
    "colors": {
      "version": "1.4.0"
    },
    "isitfriday": {
      "version": "2.0.0",
      "requires": {
        "colors": "1.4.0"
      }
    },
    "typescript": {
      "version": "4.9.5",
      "dev": true
    }
  }
}
